
Microsoft Visual Studio Solution File, Format Version 12.00
# Visual Studio Version 17
VisualStudioVersion = 17.11.35312.102
MinimumVisualStudioVersion = 10.0.40219.1
Project("{FAE04EC0-301F-11D3-BF4B-00C04F79EFBC}") = "DBoperations", "DBoperations\DBoperations.csproj", "{AF84871A-BAB0-48A6-8BA8-AE9BDA1B93EF}"
EndProject
Global
	GlobalSection(SolutionConfigurationPlatforms) = preSolution
		Debug|Any CPU = Debug|Any CPU
		Release|Any CPU = Release|Any CPU
	EndGlobalSection
	GlobalSection(ProjectConfigurationPlatforms) = postSolution
		{AF84871A-BAB0-48A6-8BA8-AE9BDA1B93EF}.Debug|Any CPU.ActiveCfg = Debug|Any CPU
		{AF84871A-BAB0-48A6-8BA8-AE9BDA1B93EF}.Debug|Any CPU.Build.0 = Debug|Any CPU
		{AF84871A-BAB0-48A6-8BA8-AE9BDA1B93EF}.Release|Any CPU.ActiveCfg = Release|Any CPU
		{AF84871A-BAB0-48A6-8BA8-AE9BDA1B93EF}.Release|Any CPU.Build.0 = Release|Any CPU
	EndGlobalSection
	GlobalSection(SolutionProperties) = preSolution
		HideSolutionNode = FALSE
	EndGlobalSection
	GlobalSection(ExtensibilityGlobals) = postSolution
		SolutionGuid = {05C9C122-2A22-48F3-AE35-08C62DAC59D6}
	EndGlobalSection
EndGlobal
